github.com/gorilla/mux v1.7.0 h1:tOSd0UKHQd6urX6ApfOn4XdBMY6Sh1MfxV3kmaazO+U=
github.com/gorilla/mux v1.7.0/go.mod h1:1lud6UwP+6orDFRuTfBEV8e9/aOM/c4fVVCaMa2zaAs=
github.com/jinzhu/gorm v1.9.2 h1:lCvgEaqe/HVE+tjAR2mt4HbbHAZsQOv3XAZiEZV37iw=
github.com/jinzhu/gorm v1.9.2/go.mod h1:Vla75njaFJ8clLU1W44h34PjIkijhjHIYnZxMqCdxqo=
github.com/jinzhu/inflection v0.0.0-20180308033659-04140366298a h1:eeaG9XMUvRBYXJi4pg1ZKM7nxc5AfXfojeLLW7O5J3k=
github.com/jinzhu/inflection v0.0.0-20180308033659-04140366298a/go.mod h1:h+uFLlag+Qp1Va5pdKtLDYj+kHp5pxUVkryuEj+Srlc=
github.com/lib/pq v1.0.0 h1:X5PMW56eZitiTeO7tKzZxFCSpbFZJtkMMooicw2us9A=
github.com/lib/pq v1.0.0/go.mod h1:5WUZQaWbwv1U+lTReE5YruASi9Al49XbQIvNi/34Woo=
github.com/lib/pq v1.1.0 h1:/5u4a+KGJptBRqGzPvYQL9p0d/tPR4S31+Tnzj9lEO4=
github.com/lib/pq v1.1.0/go.mod h1:5WUZQaWbwv1U+lTReE5YruASi9Al49XbQIvNi/34Woo=
github.com/xubiosueldos/conexionBD v0.0.0-20190130161333-c1882e4e8a28 h1:CIFUq/TgH9Ts3eilfVf+oYm+WxvpsSdlvz+XkNUbLMs=
github.com/xubiosueldos/conexionBD v0.0.0-20190130161333-c1882e4e8a28/go.mod h1:w+NLrmGfHNCU1qTKiJB519uGgyZmasmSqDoCmEoXV28=
github.com/xubiosueldos/conexionBD v0.0.0-20190515181105-08b39963328e h1:271lg2mrcdo/AVGa6/dEpm0wInzxal7FF0rmatBSQQY=
github.com/xubiosueldos/conexionBD v0.0.0-20190515181105-08b39963328e/go.mod h1:zG7PxdxhIFS8hl3AymQLz+qM2ZoeyW/hx19wH2ysweg=
github.com/xubiosueldos/conexionBD v0.0.0-20190521103517-f0edc424cf29 h1:BPGaEGwfish1DsUlCvjSr8rBqBtxQ7m2MG/A1Or6fgg=
github.com/xubiosueldos/conexionBD v0.0.0-20190521103517-f0edc424cf29/go.mod h1:zG7PxdxhIFS8hl3AymQLz+qM2ZoeyW/hx19wH2ysweg=
github.com/xubiosueldos/conexionBD v0.0.0-20190522110449-6c03431f8a92 h1:MOG9sdHcqlarX5rDl6e01MxqJPiRzMOMK7gfQv1mISs=
github.com/xubiosueldos/conexionBD v0.0.0-20190522110449-6c03431f8a92/go.mod h1:zG7PxdxhIFS8hl3AymQLz+qM2ZoeyW/hx19wH2ysweg=
github.com/xubiosueldos/framework v0.0.0-20190502133422-d53dd93b5196 h1:SA+m66fK0NXhrVbj4pvXj/KEjbtxq+IyzdEWjsOm0Lw=
github.com/xubiosueldos/framework v0.0.0-20190502133422-d53dd93b5196/go.mod h1:txPj3GVjVoZeJnObRIBrzNFVDT7baf2VEpK3kCkpDWg=
github.com/xubiosueldos/framework v0.0.0-20190509132521-6f92aa67ddd1/go.mod h1:txPj3GVjVoZeJnObRIBrzNFVDT7baf2VEpK3kCkpDWg=
github.com/xubiosueldos/framework v0.0.0-20190520112654-7f0be70b60e9 h1:4ei6tFbrs4AQZfqMGJejLBTTDIvmEF4kCwZmVip6x5A=
github.com/xubiosueldos/framework v0.0.0-20190520112654-7f0be70b60e9/go.mod h1:txPj3GVjVoZeJnObRIBrzNFVDT7baf2VEpK3kCkpDWg=
github.com/xubiosueldos/framework v0.0.0-20190520173641-fc8dab8185f2 h1:vRriQ5eF5M1AIN1evovpGFz61YEAn5LTPz3atXp+WGM=
github.com/xubiosueldos/framework v0.0.0-20190520173641-fc8dab8185f2/go.mod h1:txPj3GVjVoZeJnObRIBrzNFVDT7baf2VEpK3kCkpDWg=
github.com/xubiosueldos/framework v0.0.0-20190522111645-0816e190bbfb h1:LyD5yobcFRSlNiYBVJ5R1GD9CoThZzxiCvEFkwF4kDs=
github.com/xubiosueldos/framework v0.0.0-20190522111645-0816e190bbfb/go.mod h1:txPj3GVjVoZeJnObRIBrzNFVDT7baf2VEpK3kCkpDWg=
